
Microsoft Visual Studio Solution File, Format Version 12.00
# Visual Studio 15
VisualStudioVersion = 15.0.26124.0
MinimumVisualStudioVersion = 15.0.26124.0
Project("{F2A71F9B-5D33-465A-A702-920D77279786}") = "Quote.Runner", "Quote.Runner\Quote.Runner.fsproj", "{A6D96A7B-E09E-4827-9B67-97F418333165}"
EndProject
Project("{F2A71F9B-5D33-465A-A702-920D77279786}") = "Quote.Commands", "Quote.Commands\Quote.Commands.fsproj", "{D2D52107-E323-4C29-B7FE-AC4118613E50}"
EndProject
Project("{F2A71F9B-5D33-465A-A702-920D77279786}") = "Quote.DataModel", "Quote.DataModel\Quote.DataModel.fsproj", "{E28D1401-813F-414C-9897-88AA1CF2AAC3}"
EndProject
Project("{F2A71F9B-5D33-465A-A702-920D77279786}") = "Quote.Repository", "Quote.Repository\Quote.Repository.fsproj", "{56EC574F-B1A7-4EFD-8861-7350111C85A3}"
EndProject
Project("{F2A71F9B-5D33-465A-A702-920D77279786}") = "Quote.Errors", "Quote.Errors\Quote.Errors.fsproj", "{897C1F3A-0C33-40E0-865A-46F836A83166}"
EndProject
Project("{F2A71F9B-5D33-465A-A702-920D77279786}") = "Quote.Services", "Quote.Services\Quote.Services.fsproj", "{15E88F06-5A4D-4E8B-ACC0-4FF76256CF42}"
EndProject
Project("{F2A71F9B-5D33-465A-A702-920D77279786}") = "Quote.Dto", "Quote.Dto\Quote.Dto.fsproj", "{8AF7C760-ACB4-4D15-8D7D-79A6A54F1F48}"
EndProject
Global
	GlobalSection(SolutionConfigurationPlatforms) = preSolution
		Debug|Any CPU = Debug|Any CPU
		Debug|x64 = Debug|x64
		Debug|x86 = Debug|x86
		Release|Any CPU = Release|Any CPU
		Release|x64 = Release|x64
		Release|x86 = Release|x86
	EndGlobalSection
	GlobalSection(SolutionProperties) = preSolution
		HideSolutionNode = FALSE
	EndGlobalSection
	GlobalSection(ProjectConfigurationPlatforms) = postSolution
		{A6D96A7B-E09E-4827-9B67-97F418333165}.Debug|Any CPU.ActiveCfg = Debug|Any CPU
		{A6D96A7B-E09E-4827-9B67-97F418333165}.Debug|Any CPU.Build.0 = Debug|Any CPU
		{A6D96A7B-E09E-4827-9B67-97F418333165}.Debug|x64.ActiveCfg = Debug|Any CPU
		{A6D96A7B-E09E-4827-9B67-97F418333165}.Debug|x64.Build.0 = Debug|Any CPU
		{A6D96A7B-E09E-4827-9B67-97F418333165}.Debug|x86.ActiveCfg = Debug|Any CPU
		{A6D96A7B-E09E-4827-9B67-97F418333165}.Debug|x86.Build.0 = Debug|Any CPU
		{A6D96A7B-E09E-4827-9B67-97F418333165}.Release|Any CPU.ActiveCfg = Release|Any CPU
		{A6D96A7B-E09E-4827-9B67-97F418333165}.Release|Any CPU.Build.0 = Release|Any CPU
		{A6D96A7B-E09E-4827-9B67-97F418333165}.Release|x64.ActiveCfg = Release|Any CPU
		{A6D96A7B-E09E-4827-9B67-97F418333165}.Release|x64.Build.0 = Release|Any CPU
		{A6D96A7B-E09E-4827-9B67-97F418333165}.Release|x86.ActiveCfg = Release|Any CPU
		{A6D96A7B-E09E-4827-9B67-97F418333165}.Release|x86.Build.0 = Release|Any CPU
		{D2D52107-E323-4C29-B7FE-AC4118613E50}.Debug|Any CPU.ActiveCfg = Debug|Any CPU
		{D2D52107-E323-4C29-B7FE-AC4118613E50}.Debug|Any CPU.Build.0 = Debug|Any CPU
		{D2D52107-E323-4C29-B7FE-AC4118613E50}.Debug|x64.ActiveCfg = Debug|Any CPU
		{D2D52107-E323-4C29-B7FE-AC4118613E50}.Debug|x64.Build.0 = Debug|Any CPU
		{D2D52107-E323-4C29-B7FE-AC4118613E50}.Debug|x86.ActiveCfg = Debug|Any CPU
		{D2D52107-E323-4C29-B7FE-AC4118613E50}.Debug|x86.Build.0 = Debug|Any CPU
		{D2D52107-E323-4C29-B7FE-AC4118613E50}.Release|Any CPU.ActiveCfg = Release|Any CPU
		{D2D52107-E323-4C29-B7FE-AC4118613E50}.Release|Any CPU.Build.0 = Release|Any CPU
		{D2D52107-E323-4C29-B7FE-AC4118613E50}.Release|x64.ActiveCfg = Release|Any CPU
		{D2D52107-E323-4C29-B7FE-AC4118613E50}.Release|x64.Build.0 = Release|Any CPU
		{D2D52107-E323-4C29-B7FE-AC4118613E50}.Release|x86.ActiveCfg = Release|Any CPU
		{D2D52107-E323-4C29-B7FE-AC4118613E50}.Release|x86.Build.0 = Release|Any CPU
		{E28D1401-813F-414C-9897-88AA1CF2AAC3}.Debug|Any CPU.ActiveCfg = Debug|Any CPU
		{E28D1401-813F-414C-9897-88AA1CF2AAC3}.Debug|Any CPU.Build.0 = Debug|Any CPU
		{E28D1401-813F-414C-9897-88AA1CF2AAC3}.Debug|x64.ActiveCfg = Debug|Any CPU
		{E28D1401-813F-414C-9897-88AA1CF2AAC3}.Debug|x64.Build.0 = Debug|Any CPU
		{E28D1401-813F-414C-9897-88AA1CF2AAC3}.Debug|x86.ActiveCfg = Debug|Any CPU
		{E28D1401-813F-414C-9897-88AA1CF2AAC3}.Debug|x86.Build.0 = Debug|Any CPU
		{E28D1401-813F-414C-9897-88AA1CF2AAC3}.Release|Any CPU.ActiveCfg = Release|Any CPU
		{E28D1401-813F-414C-9897-88AA1CF2AAC3}.Release|Any CPU.Build.0 = Release|Any CPU
		{E28D1401-813F-414C-9897-88AA1CF2AAC3}.Release|x64.ActiveCfg = Release|Any CPU
		{E28D1401-813F-414C-9897-88AA1CF2AAC3}.Release|x64.Build.0 = Release|Any CPU
		{E28D1401-813F-414C-9897-88AA1CF2AAC3}.Release|x86.ActiveCfg = Release|Any CPU
		{E28D1401-813F-414C-9897-88AA1CF2AAC3}.Release|x86.Build.0 = Release|Any CPU
		{56EC574F-B1A7-4EFD-8861-7350111C85A3}.Debug|Any CPU.ActiveCfg = Debug|Any CPU
		{56EC574F-B1A7-4EFD-8861-7350111C85A3}.Debug|Any CPU.Build.0 = Debug|Any CPU
		{56EC574F-B1A7-4EFD-8861-7350111C85A3}.Debug|x64.ActiveCfg = Debug|Any CPU
		{56EC574F-B1A7-4EFD-8861-7350111C85A3}.Debug|x64.Build.0 = Debug|Any CPU
		{56EC574F-B1A7-4EFD-8861-7350111C85A3}.Debug|x86.ActiveCfg = Debug|Any CPU
		{56EC574F-B1A7-4EFD-8861-7350111C85A3}.Debug|x86.Build.0 = Debug|Any CPU
		{56EC574F-B1A7-4EFD-8861-7350111C85A3}.Release|Any CPU.ActiveCfg = Release|Any CPU
		{56EC574F-B1A7-4EFD-8861-7350111C85A3}.Release|Any CPU.Build.0 = Release|Any CPU
		{56EC574F-B1A7-4EFD-8861-7350111C85A3}.Release|x64.ActiveCfg = Release|Any CPU
		{56EC574F-B1A7-4EFD-8861-7350111C85A3}.Release|x64.Build.0 = Release|Any CPU
		{56EC574F-B1A7-4EFD-8861-7350111C85A3}.Release|x86.ActiveCfg = Release|Any CPU
		{56EC574F-B1A7-4EFD-8861-7350111C85A3}.Release|x86.Build.0 = Release|Any CPU
		{897C1F3A-0C33-40E0-865A-46F836A83166}.Debug|Any CPU.ActiveCfg = Debug|Any CPU
		{897C1F3A-0C33-40E0-865A-46F836A83166}.Debug|Any CPU.Build.0 = Debug|Any CPU
		{897C1F3A-0C33-40E0-865A-46F836A83166}.Debug|x64.ActiveCfg = Debug|Any CPU
		{897C1F3A-0C33-40E0-865A-46F836A83166}.Debug|x64.Build.0 = Debug|Any CPU
		{897C1F3A-0C33-40E0-865A-46F836A83166}.Debug|x86.ActiveCfg = Debug|Any CPU
		{897C1F3A-0C33-40E0-865A-46F836A83166}.Debug|x86.Build.0 = Debug|Any CPU
		{897C1F3A-0C33-40E0-865A-46F836A83166}.Release|Any CPU.ActiveCfg = Release|Any CPU
		{897C1F3A-0C33-40E0-865A-46F836A83166}.Release|Any CPU.Build.0 = Release|Any CPU
		{897C1F3A-0C33-40E0-865A-46F836A83166}.Release|x64.ActiveCfg = Release|Any CPU
		{897C1F3A-0C33-40E0-865A-46F836A83166}.Release|x64.Build.0 = Release|Any CPU
		{897C1F3A-0C33-40E0-865A-46F836A83166}.Release|x86.ActiveCfg = Release|Any CPU
		{897C1F3A-0C33-40E0-865A-46F836A83166}.Release|x86.Build.0 = Release|Any CPU
		{15E88F06-5A4D-4E8B-ACC0-4FF76256CF42}.Debug|Any CPU.ActiveCfg = Debug|Any CPU
		{15E88F06-5A4D-4E8B-ACC0-4FF76256CF42}.Debug|Any CPU.Build.0 = Debug|Any CPU
		{15E88F06-5A4D-4E8B-ACC0-4FF76256CF42}.Debug|x64.ActiveCfg = Debug|Any CPU
		{15E88F06-5A4D-4E8B-ACC0-4FF76256CF42}.Debug|x64.Build.0 = Debug|Any CPU
		{15E88F06-5A4D-4E8B-ACC0-4FF76256CF42}.Debug|x86.ActiveCfg = Debug|Any CPU
		{15E88F06-5A4D-4E8B-ACC0-4FF76256CF42}.Debug|x86.Build.0 = Debug|Any CPU
		{15E88F06-5A4D-4E8B-ACC0-4FF76256CF42}.Release|Any CPU.ActiveCfg = Release|Any CPU
		{15E88F06-5A4D-4E8B-ACC0-4FF76256CF42}.Release|Any CPU.Build.0 = Release|Any CPU
		{15E88F06-5A4D-4E8B-ACC0-4FF76256CF42}.Release|x64.ActiveCfg = Release|Any CPU
		{15E88F06-5A4D-4E8B-ACC0-4FF76256CF42}.Release|x64.Build.0 = Release|Any CPU
		{15E88F06-5A4D-4E8B-ACC0-4FF76256CF42}.Release|x86.ActiveCfg = Release|Any CPU
		{15E88F06-5A4D-4E8B-ACC0-4FF76256CF42}.Release|x86.Build.0 = Release|Any CPU
		{8AF7C760-ACB4-4D15-8D7D-79A6A54F1F48}.Debug|Any CPU.ActiveCfg = Debug|Any CPU
		{8AF7C760-ACB4-4D15-8D7D-79A6A54F1F48}.Debug|Any CPU.Build.0 = Debug|Any CPU
		{8AF7C760-ACB4-4D15-8D7D-79A6A54F1F48}.Debug|x64.ActiveCfg = Debug|Any CPU
		{8AF7C760-ACB4-4D15-8D7D-79A6A54F1F48}.Debug|x64.Build.0 = Debug|Any CPU
		{8AF7C760-ACB4-4D15-8D7D-79A6A54F1F48}.Debug|x86.ActiveCfg = Debug|Any CPU
		{8AF7C760-ACB4-4D15-8D7D-79A6A54F1F48}.Debug|x86.Build.0 = Debug|Any CPU
		{8AF7C760-ACB4-4D15-8D7D-79A6A54F1F48}.Release|Any CPU.ActiveCfg = Release|Any CPU
		{8AF7C760-ACB4-4D15-8D7D-79A6A54F1F48}.Release|Any CPU.Build.0 = Release|Any CPU
		{8AF7C760-ACB4-4D15-8D7D-79A6A54F1F48}.Release|x64.ActiveCfg = Release|Any CPU
		{8AF7C760-ACB4-4D15-8D7D-79A6A54F1F48}.Release|x64.Build.0 = Release|Any CPU
		{8AF7C760-ACB4-4D15-8D7D-79A6A54F1F48}.Release|x86.ActiveCfg = Release|Any CPU
		{8AF7C760-ACB4-4D15-8D7D-79A6A54F1F48}.Release|x86.Build.0 = Release|Any CPU
	EndGlobalSection
EndGlobal
